
Microsoft Visual Studio Solution File, Format Version 12.00
# Visual Studio Version 17
VisualStudioVersion = 17.10.35027.167
MinimumVisualStudioVersion = 10.0.40219.1
Project("{2150E333-8FDC-42A3-9474-1A3956D46DE8}") = "Services", "Services", "{13CBC09C-A3C6-414D-97C9-2519D71ED439}"
EndProject
Project("{2150E333-8FDC-42A3-9474-1A3956D46DE8}") = "Web", "Web", "{88B226B9-666F-4583-B39E-4E7DE31BCEA3}"
EndProject
Project("{2150E333-8FDC-42A3-9474-1A3956D46DE8}") = "Building Blocks", "Building Blocks", "{8CE69827-BC0C-4D9A-A3F2-EA56455CC91A}"
EndProject
Project("{2150E333-8FDC-42A3-9474-1A3956D46DE8}") = "Identidade", "Identidade", "{8D56B767-D41D-496A-AC26-450B961D7FDD}"
EndProject
Project("{FAE04EC0-301F-11D3-BF4B-00C04F79EFBC}") = "NSE.Identidade.API", "src\services\NSE.Identidade.API\NSE.Identidade.API.csproj", "{C318BC04-DDA4-417C-BEDA-8EBD0D1268A7}"
EndProject
Global
	GlobalSection(SolutionConfigurationPlatforms) = preSolution
		Debug|Any CPU = Debug|Any CPU
		Release|Any CPU = Release|Any CPU
	EndGlobalSection
	GlobalSection(ProjectConfigurationPlatforms) = postSolution
		{C318BC04-DDA4-417C-BEDA-8EBD0D1268A7}.Debug|Any CPU.ActiveCfg = Debug|Any CPU
		{C318BC04-DDA4-417C-BEDA-8EBD0D1268A7}.Debug|Any CPU.Build.0 = Debug|Any CPU
		{C318BC04-DDA4-417C-BEDA-8EBD0D1268A7}.Release|Any CPU.ActiveCfg = Release|Any CPU
		{C318BC04-DDA4-417C-BEDA-8EBD0D1268A7}.Release|Any CPU.Build.0 = Release|Any CPU
	EndGlobalSection
	GlobalSection(SolutionProperties) = preSolution
		HideSolutionNode = FALSE
	EndGlobalSection
	GlobalSection(NestedProjects) = preSolution
		{8D56B767-D41D-496A-AC26-450B961D7FDD} = {13CBC09C-A3C6-414D-97C9-2519D71ED439}
		{C318BC04-DDA4-417C-BEDA-8EBD0D1268A7} = {8D56B767-D41D-496A-AC26-450B961D7FDD}
	EndGlobalSection
	GlobalSection(ExtensibilityGlobals) = postSolution
		SolutionGuid = {99059A19-426D-4506-8A0C-37776DD7003A}
	EndGlobalSection
EndGlobal
